
Microsoft Visual Studio Solution File, Format Version 12.00
# Visual Studio Version 17
VisualStudioVersion = 17.7.34221.43
MinimumVisualStudioVersion = 10.0.40219.1
Project("{FAE04EC0-301F-11D3-BF4B-00C04F79EFBC}") = "WebApp", "WebApp\WebApp.csproj", "{BF265B39-271E-4830-A6CE-865575ED7518}"
EndProject
Global
	GlobalSection(SolutionConfigurationPlatforms) = preSolution
		Debug|Any CPU = Debug|Any CPU
		Release|Any CPU = Release|Any CPU
	EndGlobalSection
	GlobalSection(ProjectConfigurationPlatforms) = postSolution
		{BF265B39-271E-4830-A6CE-865575ED7518}.Debug|Any CPU.ActiveCfg = Debug|Any CPU
		{BF265B39-271E-4830-A6CE-865575ED7518}.Debug|Any CPU.Build.0 = Debug|Any CPU
		{BF265B39-271E-4830-A6CE-865575ED7518}.Release|Any CPU.ActiveCfg = Release|Any CPU
		{BF265B39-271E-4830-A6CE-865575ED7518}.Release|Any CPU.Build.0 = Release|Any CPU
	EndGlobalSection
	GlobalSection(SolutionProperties) = preSolution
		HideSolutionNode = FALSE
	EndGlobalSection
	GlobalSection(ExtensibilityGlobals) = postSolution
		SolutionGuid = {975D8E7C-519A-49C0-9585-F0C88F264249}
	EndGlobalSection
EndGlobal
